// !$*UTF8*$!
{
       archiveVersion = 1;
       classes = {
       };
       objectVersion = 46;
       objects = {

/* Begin PBXAggregateTarget section */
              5314B18143104BCA8E695F87 /* ALL_BUILD */ = {
                     isa = PBXAggregateTarget;
                     buildConfigurationList = F9612E015E3D4A6DA2E0B226 /* Build configuration list for PBXAggregateTarget "ALL_BUILD" */;
                     buildPhases = (
                            B0FFE8B637494DCA8B248CB9 /* CMake Rules */,
                     );
                     dependencies = (
                            B971C18FE54A4195932CCE2D /* PBXTargetDependency */,
                            0737E3B7E3C64633BD0D506A /* PBXTargetDependency */,
                     );
                     name = ALL_BUILD;
                     productName = ALL_BUILD;
              };
              80A0E0AE81E447B887F35AA7 /* ZERO_CHECK */ = {
                     isa = PBXAggregateTarget;
                     buildConfigurationList = 4B1EFFFB5D98476986E3D150 /* Build configuration list for PBXAggregateTarget "ZERO_CHECK" */;
                     buildPhases = (
                            84D70CE879EF4F97A0972C62 /* CMake Rules */,
                     );
                     dependencies = (
                     );
                     name = ZERO_CHECK;
                     productName = ZERO_CHECK;
              };
/* End PBXAggregateTarget section */

/* Begin PBXBuildFile section */
6053305F3E2146098147DAF0 /* /Users/Brian/Mandelbrot/CMakeLists.txt */ = {isa = PBXBuildFile; fileRef = 71979611F1F940BCB5C1D67F /* /Users/Brian/Mandelbrot/CMakeLists.txt */; settings = { COMPILER_FLAGS = ""; }; };
F2CDFCBAC8404980B3820DAF /* /Users/Brian/Mandelbrot/lodepng.c */ = {isa = PBXBuildFile; fileRef = 126A0D3006D04F3FBE554105 /* /Users/Brian/Mandelbrot/lodepng.c */; settings = { COMPILER_FLAGS = ""; }; };
FE5BAE7A7E6C4EDD96B9D1AD /* /Users/Brian/Mandelbrot/lodepng.h */ = {isa = PBXBuildFile; fileRef = 23598F404FAD4F0AA9BAD60F /* /Users/Brian/Mandelbrot/lodepng.h */; settings = { COMPILER_FLAGS = ""; }; };
43E345B456B34F318F7E735C /* /Users/Brian/Mandelbrot/mandelbrot.c */ = {isa = PBXBuildFile; fileRef = F3A913CE3231476AA93DAC74 /* /Users/Brian/Mandelbrot/mandelbrot.c */; settings = { COMPILER_FLAGS = ""; }; };
/* End PBXBuildFile section */

/* Begin PBXBuildStyle section */
              0683D4B71F3D404E97444A90 /*  */ = {
                     isa = PBXBuildStyle;
              };
              F2D8956750CE4CBA950546C6 /* Debug */ = {
                     isa = PBXBuildStyle;
                     buildSettings = {
                            COPY_PHASE_STRIP = NO;
                     };
                     name = Debug;
              };
              5165AAFB29EE4B459269D006 /* Release */ = {
                     isa = PBXBuildStyle;
                     buildSettings = {
                            COPY_PHASE_STRIP = NO;
                     };
                     name = Release;
              };
              ED937985CD394633B37E4552 /* MinSizeRel */ = {
                     isa = PBXBuildStyle;
                     buildSettings = {
                            COPY_PHASE_STRIP = NO;
                     };
                     name = MinSizeRel;
              };
              DF5D29D40BF545438D46A7E8 /* RelWithDebInfo */ = {
                     isa = PBXBuildStyle;
                     buildSettings = {
                            COPY_PHASE_STRIP = NO;
                     };
                     name = RelWithDebInfo;
              };
/* End PBXBuildStyle section */

/* Begin PBXContainerItemProxy section */
              D0B4464BAF80407CAE75B13A /* PBXContainerItemProxy */ = {
                     isa = PBXContainerItemProxy;
                     containerPortal = 8C18B35659C2424F9DD32B71 /* Project object */;
                     proxyType = 1;
                     remoteGlobalIDString = A1F755C8E1E74D68958A1A41;
                     remoteInfo = Mandelbrot;
              };
              13A3C2DDEF8547DFA8A0A254 /* PBXContainerItemProxy */ = {
                     isa = PBXContainerItemProxy;
                     containerPortal = 8C18B35659C2424F9DD32B71 /* Project object */;
                     proxyType = 1;
                     remoteGlobalIDString = 80A0E0AE81E447B887F35AA7;
                     remoteInfo = ZERO_CHECK;
              };
              013666B4976C40F6BF7A144B /* PBXContainerItemProxy */ = {
                     isa = PBXContainerItemProxy;
                     containerPortal = 8C18B35659C2424F9DD32B71 /* Project object */;
                     proxyType = 1;
                     remoteGlobalIDString = 80A0E0AE81E447B887F35AA7;
                     remoteInfo = ZERO_CHECK;
              };
/* End PBXContainerItemProxy section */

/* Begin PBXFileReference section */
52BCD18E76C847DDB24F8668 /* /Users/Brian/Mandelbrot/CMakeLists.txt */ = {isa = PBXFileReference; explicitFileType = "sourcecode.text"; fileEncoding = 4; name = "CMakeLists.txt"; path = "CMakeLists.txt"; sourceTree = SOURCE_ROOT; };
71979611F1F940BCB5C1D67F /* /Users/Brian/Mandelbrot/CMakeLists.txt */ = {isa = PBXFileReference; explicitFileType = "sourcecode.text"; fileEncoding = 4; name = "CMakeLists.txt"; path = "CMakeLists.txt"; sourceTree = SOURCE_ROOT; };
126A0D3006D04F3FBE554105 /* /Users/Brian/Mandelbrot/lodepng.c */ = {isa = PBXFileReference; explicitFileType = "sourcecode.c.c"; fileEncoding = 4; name = "lodepng.c"; path = "lodepng.c"; sourceTree = SOURCE_ROOT; };
23598F404FAD4F0AA9BAD60F /* /Users/Brian/Mandelbrot/lodepng.h */ = {isa = PBXFileReference; explicitFileType = "sourcecode.c.h"; fileEncoding = 4; name = "lodepng.h"; path = "lodepng.h"; sourceTree = SOURCE_ROOT; };
F3A913CE3231476AA93DAC74 /* /Users/Brian/Mandelbrot/mandelbrot.c */ = {isa = PBXFileReference; explicitFileType = "sourcecode.c.c"; fileEncoding = 4; name = "mandelbrot.c"; path = "mandelbrot.c"; sourceTree = SOURCE_ROOT; };
DB827557BE8549E1B1940513 /* Mandelbrot */ = {isa = PBXFileReference; explicitFileType = "compiled.mach-o.executable"; path = Mandelbrot; refType = 0; sourceTree = BUILT_PRODUCTS_DIR; };
BC0BEDE24ED54D3196A97CE9 /* /Users/Brian/Mandelbrot/CMakeLists.txt */ = {isa = PBXFileReference; explicitFileType = "sourcecode.text"; fileEncoding = 4; name = "CMakeLists.txt"; path = "CMakeLists.txt"; sourceTree = SOURCE_ROOT; };
/* End PBXFileReference section */

/* Begin PBXGroup section */
              F98085B803CE4B7385BB3E21  = {
                     isa = PBXGroup;
                     children = (
                            8575254DF66144688813A0E2 /* Sources */,
                            DC4F78D22CDB461B93CCD558 /* Resources */,
                            FC74E3760CA64697A5D7843D /* Products */,
                     );
                     sourceTree = "<group>";
              };
              8575254DF66144688813A0E2 /* Sources */ = {
                     isa = PBXGroup;
                     children = (
                            052A2A551F304E0F8C1C810E /* ALL_BUILD */,
                            91C0C8F368AB42B0BEE0F788 /* Mandelbrot */,
                            014A0CA0A1DF43BCBE07AFC8 /* ZERO_CHECK */,
                     );
                     name = Sources;
                     sourceTree = "<group>";
              };
              DC4F78D22CDB461B93CCD558 /* Resources */ = {
                     isa = PBXGroup;
                     children = (
                     );
                     name = Resources;
                     sourceTree = "<group>";
              };
              052A2A551F304E0F8C1C810E /* ALL_BUILD */ = {
                     isa = PBXGroup;
                     children = (
                            13B72432023740B28ACD37BE /* CMake Rules */,
                            52BCD18E76C847DDB24F8668 /* /Users/Brian/Mandelbrot/CMakeLists.txt */,
                     );
                     name = ALL_BUILD;
                     sourceTree = "<group>";
              };
              13B72432023740B28ACD37BE /* CMake Rules */ = {
                     isa = PBXGroup;
                     children = (
                     );
                     name = "CMake Rules";
                     sourceTree = "<group>";
              };
              91C0C8F368AB42B0BEE0F788 /* Mandelbrot */ = {
                     isa = PBXGroup;
                     children = (
                            FB12DA82E0D04CFD8D65E2CA /* Source Files */,
                            78C835E7A2474846BFBC9F88 /* Header Files */,
                            71979611F1F940BCB5C1D67F /* /Users/Brian/Mandelbrot/CMakeLists.txt */,
                     );
                     name = Mandelbrot;
                     sourceTree = "<group>";
              };
              FB12DA82E0D04CFD8D65E2CA /* Source Files */ = {
                     isa = PBXGroup;
                     children = (
                            126A0D3006D04F3FBE554105 /* /Users/Brian/Mandelbrot/lodepng.c */,
                            F3A913CE3231476AA93DAC74 /* /Users/Brian/Mandelbrot/mandelbrot.c */,
                     );
                     name = "Source Files";
                     sourceTree = "<group>";
              };
              78C835E7A2474846BFBC9F88 /* Header Files */ = {
                     isa = PBXGroup;
                     children = (
                            23598F404FAD4F0AA9BAD60F /* /Users/Brian/Mandelbrot/lodepng.h */,
                     );
                     name = "Header Files";
                     sourceTree = "<group>";
              };
              014A0CA0A1DF43BCBE07AFC8 /* ZERO_CHECK */ = {
                     isa = PBXGroup;
                     children = (
                            16E7D364D3A847F492176C05 /* CMake Rules */,
                            BC0BEDE24ED54D3196A97CE9 /* /Users/Brian/Mandelbrot/CMakeLists.txt */,
                     );
                     name = ZERO_CHECK;
                     sourceTree = "<group>";
              };
              16E7D364D3A847F492176C05 /* CMake Rules */ = {
                     isa = PBXGroup;
                     children = (
                     );
                     name = "CMake Rules";
                     sourceTree = "<group>";
              };
              FC74E3760CA64697A5D7843D /* Products */ = {
                     isa = PBXGroup;
                     children = (
                            DB827557BE8549E1B1940513 /* Mandelbrot */,
                     );
                     name = Products;
                     sourceTree = "<group>";
              };
/* End PBXGroup section */

/* Begin PBXNativeTarget section */
              A1F755C8E1E74D68958A1A41 /* Mandelbrot */ = {
                     isa = PBXNativeTarget;
                     buildConfigurationList = ADE5E0FDD8314BF58B76247F /* Build configuration list for PBXNativeTarget "Mandelbrot" */;
                     buildPhases = (
                            F9DA21F982AF40838E43AA93 /* Sources */,
                     );
                     buildRules = (
                     );
                     dependencies = (
                            60B040DC08BA46BF840CE1C1 /* PBXTargetDependency */,
                     );
                     name = Mandelbrot;
                     productName = Mandelbrot;
                     productReference = DB827557BE8549E1B1940513 /* Mandelbrot */;
                     productType = "com.apple.product-type.tool";
              };
/* End PBXNativeTarget section */

/* Begin PBXProject section */
              8C18B35659C2424F9DD32B71 /* Project object */ = {
                     isa = PBXProject;
                     attributes = {
                            BuildIndependentTargetsInParallel = YES;
                     };
                     buildConfigurationList = 050606962A044B06B65849D5 /* Build configuration list for PBXProject  "Mandelbrot" */;
                     buildSettings = {
                     };
                     buildStyles = (
                            F2D8956750CE4CBA950546C6 /* Debug */,
                            5165AAFB29EE4B459269D006 /* Release */,
                            ED937985CD394633B37E4552 /* MinSizeRel */,
                            DF5D29D40BF545438D46A7E8 /* RelWithDebInfo */,
                     );
                     compatibilityVersion = "Xcode 3.2";
                     hasScannedForEncodings = 0;
                     mainGroup = F98085B803CE4B7385BB3E21;
                     projectDirPath = "..";
                     projectRoot = "";
                     targets = (
                            5314B18143104BCA8E695F87 /* ALL_BUILD */,
                            A1F755C8E1E74D68958A1A41 /* Mandelbrot */,
                            80A0E0AE81E447B887F35AA7 /* ZERO_CHECK */,
                     );
              };
/* End PBXProject section */

/* Begin PBXShellScriptBuildPhase section */
              7625B5C9F758440BB6C41E81 /*  */ = {
                     isa = PBXShellScriptBuildPhase;
                     buildActionMask = 2147483647;
                     files = (
                     );
                     inputPaths = (
                     );
                     outputPaths = (
                     );
                     runOnlyForDeploymentPostprocessing = 0;
                     shellPath = /bin/sh;
                     shellScript = "# shell script goes here
exit 0";
                     showEnvVarsInLog = 0;
              };
              B0FFE8B637494DCA8B248CB9 /* CMake Rules */ = {
                     isa = PBXShellScriptBuildPhase;
                     buildActionMask = 2147483647;
                     files = (
                     );
                     name = "CMake Rules";
                     runOnlyForDeploymentPostprocessing = 0;
                     shellPath = /bin/sh;
                     shellScript = "make -C /Users/Brian/Mandelbrot/xcode -f /Users/Brian/Mandelbrot/xcode/CMakeScripts/ALL_BUILD_cmakeRulesBuildPhase.make$CONFIGURATION all";
                     showEnvVarsInLog = 0;
              };
              926BFA3797324D22A203656B /*  */ = {
                     isa = PBXShellScriptBuildPhase;
                     buildActionMask = 2147483647;
                     files = (
                     );
                     inputPaths = (
                     );
                     outputPaths = (
                     );
                     runOnlyForDeploymentPostprocessing = 0;
                     shellPath = /bin/sh;
                     shellScript = "# shell script goes here
exit 0";
                     showEnvVarsInLog = 0;
              };
              84D70CE879EF4F97A0972C62 /* CMake Rules */ = {
                     isa = PBXShellScriptBuildPhase;
                     buildActionMask = 2147483647;
                     files = (
                     );
                     name = "CMake Rules";
                     runOnlyForDeploymentPostprocessing = 0;
                     shellPath = /bin/sh;
                     shellScript = "make -C /Users/Brian/Mandelbrot/xcode -f /Users/Brian/Mandelbrot/xcode/CMakeScripts/ZERO_CHECK_cmakeRulesBuildPhase.make$CONFIGURATION all";
                     showEnvVarsInLog = 0;
              };
/* End PBXShellScriptBuildPhase section */

/* Begin PBXSourcesBuildPhase section */
              F9DA21F982AF40838E43AA93 /* Sources */ = {
                     isa = PBXSourcesBuildPhase;
                     buildActionMask = 2147483647;
                     files = (
                            F2CDFCBAC8404980B3820DAF /* /Users/Brian/Mandelbrot/lodepng.c */,
                            43E345B456B34F318F7E735C /* /Users/Brian/Mandelbrot/mandelbrot.c */,
                     );
                     runOnlyForDeploymentPostprocessing = 0;
              };
/* End PBXSourcesBuildPhase section */

/* Begin PBXTargetDependency section */
              B971C18FE54A4195932CCE2D /* PBXTargetDependency */ = {
                     isa = PBXTargetDependency;
                     target = A1F755C8E1E74D68958A1A41 /* Mandelbrot */;
                     targetProxy = D0B4464BAF80407CAE75B13A /* PBXContainerItemProxy */;
              };
              0737E3B7E3C64633BD0D506A /* PBXTargetDependency */ = {
                     isa = PBXTargetDependency;
                     target = 80A0E0AE81E447B887F35AA7 /* ZERO_CHECK */;
                     targetProxy = 13A3C2DDEF8547DFA8A0A254 /* PBXContainerItemProxy */;
              };
              60B040DC08BA46BF840CE1C1 /* PBXTargetDependency */ = {
                     isa = PBXTargetDependency;
                     target = 80A0E0AE81E447B887F35AA7 /* ZERO_CHECK */;
                     targetProxy = 013666B4976C40F6BF7A144B /* PBXContainerItemProxy */;
              };
/* End PBXTargetDependency section */

/* Begin XCBuildConfiguration section */
              B43F4901777C456494AAB9E4 /* Debug */ = {
                     isa = XCBuildConfiguration;
                     buildSettings = {
                            ARCHS = "$(ARCHS_STANDARD_32_64_BIT)";
                            ONLY_ACTIVE_ARCH = YES;
                            SDKROOT = "";
                            SYMROOT = /Users/Brian/Mandelbrot/xcode/build;
                     };
                     name = Debug;
              };
              3D0123A827C649178792DF61 /* Release */ = {
                     isa = XCBuildConfiguration;
                     buildSettings = {
                            ARCHS = "$(ARCHS_STANDARD_32_64_BIT)";
                            ONLY_ACTIVE_ARCH = YES;
                            SDKROOT = "";
                            SYMROOT = /Users/Brian/Mandelbrot/xcode/build;
                     };
                     name = Release;
              };
              DF3FB761E3C14EA5A45FFEEB /* MinSizeRel */ = {
                     isa = XCBuildConfiguration;
                     buildSettings = {
                            ARCHS = "$(ARCHS_STANDARD_32_64_BIT)";
                            ONLY_ACTIVE_ARCH = YES;
                            SDKROOT = "";
                            SYMROOT = /Users/Brian/Mandelbrot/xcode/build;
                     };
                     name = MinSizeRel;
              };
              04409CC7F9C44DF78B2324F2 /* RelWithDebInfo */ = {
                     isa = XCBuildConfiguration;
                     buildSettings = {
                            ARCHS = "$(ARCHS_STANDARD_32_64_BIT)";
                            ONLY_ACTIVE_ARCH = YES;
                            SDKROOT = "";
                            SYMROOT = /Users/Brian/Mandelbrot/xcode/build;
                     };
                     name = RelWithDebInfo;
              };
              30061BD15D1E46179945E998 /* Debug */ = {
                     isa = XCBuildConfiguration;
                     buildSettings = {
                            COMBINE_HIDPI_IMAGES = YES;
                            GCC_GENERATE_DEBUGGING_SYMBOLS = NO;
                            GCC_INLINES_ARE_PRIVATE_EXTERN = NO;
                            GCC_OPTIMIZATION_LEVEL = 0;
                            GCC_PREPROCESSOR_DEFINITIONS = ("'CMAKE_INTDIR=\"$(CONFIGURATION)$(EFFECTIVE_PLATFORM_NAME)\"'", );
                            GCC_SYMBOLS_PRIVATE_EXTERN = NO;
                            INSTALL_PATH = "";
                            OTHER_CFLAGS = "  ";
                            OTHER_LDFLAGS = " ";
                            OTHER_REZFLAGS = "";
                            PRODUCT_NAME = ALL_BUILD;
                            SECTORDER_FLAGS = "";
                            SYMROOT = /Users/Brian/Mandelbrot/xcode;
                            USE_HEADERMAP = NO;
                            WARNING_CFLAGS = ("-Wmost", "-Wno-four-char-constants", "-Wno-unknown-pragmas", );
                     };
                     name = Debug;
              };
              2EBED554EF10454396C0E2E2 /* Release */ = {
                     isa = XCBuildConfiguration;
                     buildSettings = {
                            COMBINE_HIDPI_IMAGES = YES;
                            GCC_GENERATE_DEBUGGING_SYMBOLS = NO;
                            GCC_INLINES_ARE_PRIVATE_EXTERN = NO;
                            GCC_OPTIMIZATION_LEVEL = 0;
                            GCC_PREPROCESSOR_DEFINITIONS = ("'CMAKE_INTDIR=\"$(CONFIGURATION)$(EFFECTIVE_PLATFORM_NAME)\"'", );
                            GCC_SYMBOLS_PRIVATE_EXTERN = NO;
                            INSTALL_PATH = "";
                            OTHER_CFLAGS = "  ";
                            OTHER_LDFLAGS = " ";
                            OTHER_REZFLAGS = "";
                            PRODUCT_NAME = ALL_BUILD;
                            SECTORDER_FLAGS = "";
                            SYMROOT = /Users/Brian/Mandelbrot/xcode;
                            USE_HEADERMAP = NO;
                            WARNING_CFLAGS = ("-Wmost", "-Wno-four-char-constants", "-Wno-unknown-pragmas", );
                     };
                     name = Release;
              };
              C1C27EB403F64C2EA0B7EF1A /* MinSizeRel */ = {
                     isa = XCBuildConfiguration;
                     buildSettings = {
                            COMBINE_HIDPI_IMAGES = YES;
                            GCC_GENERATE_DEBUGGING_SYMBOLS = NO;
                            GCC_INLINES_ARE_PRIVATE_EXTERN = NO;
                            GCC_OPTIMIZATION_LEVEL = 0;
                            GCC_PREPROCESSOR_DEFINITIONS = ("'CMAKE_INTDIR=\"$(CONFIGURATION)$(EFFECTIVE_PLATFORM_NAME)\"'", );
                            GCC_SYMBOLS_PRIVATE_EXTERN = NO;
                            INSTALL_PATH = "";
                            OTHER_CFLAGS = "  ";
                            OTHER_LDFLAGS = " ";
                            OTHER_REZFLAGS = "";
                            PRODUCT_NAME = ALL_BUILD;
                            SECTORDER_FLAGS = "";
                            SYMROOT = /Users/Brian/Mandelbrot/xcode;
                            USE_HEADERMAP = NO;
                            WARNING_CFLAGS = ("-Wmost", "-Wno-four-char-constants", "-Wno-unknown-pragmas", );
                     };
                     name = MinSizeRel;
              };
              61B23CFDC0454A13AB7D2FD6 /* RelWithDebInfo */ = {
                     isa = XCBuildConfiguration;
                     buildSettings = {
                            COMBINE_HIDPI_IMAGES = YES;
                            GCC_GENERATE_DEBUGGING_SYMBOLS = NO;
                            GCC_INLINES_ARE_PRIVATE_EXTERN = NO;
                            GCC_OPTIMIZATION_LEVEL = 0;
                            GCC_PREPROCESSOR_DEFINITIONS = ("'CMAKE_INTDIR=\"$(CONFIGURATION)$(EFFECTIVE_PLATFORM_NAME)\"'", );
                            GCC_SYMBOLS_PRIVATE_EXTERN = NO;
                            INSTALL_PATH = "";
                            OTHER_CFLAGS = "  ";
                            OTHER_LDFLAGS = " ";
                            OTHER_REZFLAGS = "";
                            PRODUCT_NAME = ALL_BUILD;
                            SECTORDER_FLAGS = "";
                            SYMROOT = /Users/Brian/Mandelbrot/xcode;
                            USE_HEADERMAP = NO;
                            WARNING_CFLAGS = ("-Wmost", "-Wno-four-char-constants", "-Wno-unknown-pragmas", );
                     };
                     name = RelWithDebInfo;
              };
              E94C10ADCD804A678080AEAD /* Debug */ = {
                     isa = XCBuildConfiguration;
                     buildSettings = {
                            COMBINE_HIDPI_IMAGES = YES;
                            EXECUTABLE_PREFIX = "";
                            EXECUTABLE_SUFFIX = "";
                            GCC_GENERATE_DEBUGGING_SYMBOLS = YES;
                            GCC_INLINES_ARE_PRIVATE_EXTERN = NO;
                            GCC_OPTIMIZATION_LEVEL = 2;
                            GCC_PREPROCESSOR_DEFINITIONS = ("'CMAKE_INTDIR=\"$(CONFIGURATION)$(EFFECTIVE_PLATFORM_NAME)\"'", );
                            GCC_SYMBOLS_PRIVATE_EXTERN = NO;
                            INSTALL_PATH = "";
                            LIBRARY_SEARCH_PATHS = "";
                            OTHER_CFLAGS = " -std=c99     -I/Library/Frameworks/SDL2.framework/Headers -F/Library/Frameworks     ";
                            OTHER_LDFLAGS = "  -Wl,-search_paths_first -Wl,-headerpad_max_install_names  ";
                            OTHER_REZFLAGS = "";
                            PRODUCT_NAME = Mandelbrot;
                            SECTORDER_FLAGS = "";
                            SYMROOT = /Users/Brian/Mandelbrot/xcode;
                            USE_HEADERMAP = NO;
                            WARNING_CFLAGS = ("-Wmost", "-Wno-four-char-constants", "-Wno-unknown-pragmas", );
                     };
                     name = Debug;
              };
              EF55CCB251554B58A37766F0 /* Release */ = {
                     isa = XCBuildConfiguration;
                     buildSettings = {
                            COMBINE_HIDPI_IMAGES = YES;
                            EXECUTABLE_PREFIX = "";
                            EXECUTABLE_SUFFIX = "";
                            GCC_GENERATE_DEBUGGING_SYMBOLS = NO;
                            GCC_INLINES_ARE_PRIVATE_EXTERN = NO;
                            GCC_OPTIMIZATION_LEVEL = 3;
                            GCC_PREPROCESSOR_DEFINITIONS = ("'CMAKE_INTDIR=\"$(CONFIGURATION)$(EFFECTIVE_PLATFORM_NAME)\"'", );
                            GCC_SYMBOLS_PRIVATE_EXTERN = NO;
                            INSTALL_PATH = "";
                            LIBRARY_SEARCH_PATHS = "";
                            OTHER_CFLAGS = " -std=c99     -I/Library/Frameworks/SDL2.framework/Headers -F/Library/Frameworks     -DNDEBUG  ";
                            OTHER_LDFLAGS = "  -Wl,-search_paths_first -Wl,-headerpad_max_install_names  ";
                            OTHER_REZFLAGS = "";
                            PRODUCT_NAME = Mandelbrot;
                            SECTORDER_FLAGS = "";
                            SYMROOT = /Users/Brian/Mandelbrot/xcode;
                            USE_HEADERMAP = NO;
                            WARNING_CFLAGS = ("-Wmost", "-Wno-four-char-constants", "-Wno-unknown-pragmas", );
                     };
                     name = Release;
              };
              F7F4BA9DE002442C8B891430 /* MinSizeRel */ = {
                     isa = XCBuildConfiguration;
                     buildSettings = {
                            COMBINE_HIDPI_IMAGES = YES;
                            EXECUTABLE_PREFIX = "";
                            EXECUTABLE_SUFFIX = "";
                            GCC_GENERATE_DEBUGGING_SYMBOLS = NO;
                            GCC_INLINES_ARE_PRIVATE_EXTERN = NO;
                            GCC_OPTIMIZATION_LEVEL = s;
                            GCC_PREPROCESSOR_DEFINITIONS = ("'CMAKE_INTDIR=\"$(CONFIGURATION)$(EFFECTIVE_PLATFORM_NAME)\"'", );
                            GCC_SYMBOLS_PRIVATE_EXTERN = NO;
                            INSTALL_PATH = "";
                            LIBRARY_SEARCH_PATHS = "";
                            OTHER_CFLAGS = " -std=c99     -I/Library/Frameworks/SDL2.framework/Headers -F/Library/Frameworks     -DNDEBUG  ";
                            OTHER_LDFLAGS = "  -Wl,-search_paths_first -Wl,-headerpad_max_install_names  ";
                            OTHER_REZFLAGS = "";
                            PRODUCT_NAME = Mandelbrot;
                            SECTORDER_FLAGS = "";
                            SYMROOT = /Users/Brian/Mandelbrot/xcode;
                            USE_HEADERMAP = NO;
                            WARNING_CFLAGS = ("-Wmost", "-Wno-four-char-constants", "-Wno-unknown-pragmas", );
                     };
                     name = MinSizeRel;
              };
              21061DBED986456A9D046613 /* RelWithDebInfo */ = {
                     isa = XCBuildConfiguration;
                     buildSettings = {
                            COMBINE_HIDPI_IMAGES = YES;
                            EXECUTABLE_PREFIX = "";
                            EXECUTABLE_SUFFIX = "";
                            GCC_GENERATE_DEBUGGING_SYMBOLS = YES;
                            GCC_INLINES_ARE_PRIVATE_EXTERN = NO;
                            GCC_OPTIMIZATION_LEVEL = 2;
                            GCC_PREPROCESSOR_DEFINITIONS = ("'CMAKE_INTDIR=\"$(CONFIGURATION)$(EFFECTIVE_PLATFORM_NAME)\"'", );
                            GCC_SYMBOLS_PRIVATE_EXTERN = NO;
                            INSTALL_PATH = "";
                            LIBRARY_SEARCH_PATHS = "";
                            OTHER_CFLAGS = " -std=c99     -I/Library/Frameworks/SDL2.framework/Headers -F/Library/Frameworks        -DNDEBUG  ";
                            OTHER_LDFLAGS = "  -Wl,-search_paths_first -Wl,-headerpad_max_install_names  ";
                            OTHER_REZFLAGS = "";
                            PRODUCT_NAME = Mandelbrot;
                            SECTORDER_FLAGS = "";
                            SYMROOT = /Users/Brian/Mandelbrot/xcode;
                            USE_HEADERMAP = NO;
                            WARNING_CFLAGS = ("-Wmost", "-Wno-four-char-constants", "-Wno-unknown-pragmas", );
                     };
                     name = RelWithDebInfo;
              };
              704D36147EEA4B619AF79FFF /* Debug */ = {
                     isa = XCBuildConfiguration;
                     buildSettings = {
                            COMBINE_HIDPI_IMAGES = YES;
                            GCC_GENERATE_DEBUGGING_SYMBOLS = NO;
                            GCC_INLINES_ARE_PRIVATE_EXTERN = NO;
                            GCC_OPTIMIZATION_LEVEL = 0;
                            GCC_PREPROCESSOR_DEFINITIONS = ("'CMAKE_INTDIR=\"$(CONFIGURATION)$(EFFECTIVE_PLATFORM_NAME)\"'", );
                            GCC_SYMBOLS_PRIVATE_EXTERN = NO;
                            INSTALL_PATH = "";
                            OTHER_CFLAGS = "  ";
                            OTHER_LDFLAGS = " ";
                            OTHER_REZFLAGS = "";
                            PRODUCT_NAME = ZERO_CHECK;
                            SECTORDER_FLAGS = "";
                            SYMROOT = /Users/Brian/Mandelbrot/xcode;
                            USE_HEADERMAP = NO;
                            WARNING_CFLAGS = ("-Wmost", "-Wno-four-char-constants", "-Wno-unknown-pragmas", );
                     };
                     name = Debug;
              };
              3DFFBBFA52B94306AA00BE9A /* Release */ = {
                     isa = XCBuildConfiguration;
                     buildSettings = {
                            COMBINE_HIDPI_IMAGES = YES;
                            GCC_GENERATE_DEBUGGING_SYMBOLS = NO;
                            GCC_INLINES_ARE_PRIVATE_EXTERN = NO;
                            GCC_OPTIMIZATION_LEVEL = 0;
                            GCC_PREPROCESSOR_DEFINITIONS = ("'CMAKE_INTDIR=\"$(CONFIGURATION)$(EFFECTIVE_PLATFORM_NAME)\"'", );
                            GCC_SYMBOLS_PRIVATE_EXTERN = NO;
                            INSTALL_PATH = "";
                            OTHER_CFLAGS = "  ";
                            OTHER_LDFLAGS = " ";
                            OTHER_REZFLAGS = "";
                            PRODUCT_NAME = ZERO_CHECK;
                            SECTORDER_FLAGS = "";
                            SYMROOT = /Users/Brian/Mandelbrot/xcode;
                            USE_HEADERMAP = NO;
                            WARNING_CFLAGS = ("-Wmost", "-Wno-four-char-constants", "-Wno-unknown-pragmas", );
                     };
                     name = Release;
              };
              2927A033C7AD405ABF153876 /* MinSizeRel */ = {
                     isa = XCBuildConfiguration;
                     buildSettings = {
                            COMBINE_HIDPI_IMAGES = YES;
                            GCC_GENERATE_DEBUGGING_SYMBOLS = NO;
                            GCC_INLINES_ARE_PRIVATE_EXTERN = NO;
                            GCC_OPTIMIZATION_LEVEL = 0;
                            GCC_PREPROCESSOR_DEFINITIONS = ("'CMAKE_INTDIR=\"$(CONFIGURATION)$(EFFECTIVE_PLATFORM_NAME)\"'", );
                            GCC_SYMBOLS_PRIVATE_EXTERN = NO;
                            INSTALL_PATH = "";
                            OTHER_CFLAGS = "  ";
                            OTHER_LDFLAGS = " ";
                            OTHER_REZFLAGS = "";
                            PRODUCT_NAME = ZERO_CHECK;
                            SECTORDER_FLAGS = "";
                            SYMROOT = /Users/Brian/Mandelbrot/xcode;
                            USE_HEADERMAP = NO;
                            WARNING_CFLAGS = ("-Wmost", "-Wno-four-char-constants", "-Wno-unknown-pragmas", );
                     };
                     name = MinSizeRel;
              };
              E5906FF874474C2D9EBCE232 /* RelWithDebInfo */ = {
                     isa = XCBuildConfiguration;
                     buildSettings = {
                            COMBINE_HIDPI_IMAGES = YES;
                            GCC_GENERATE_DEBUGGING_SYMBOLS = NO;
                            GCC_INLINES_ARE_PRIVATE_EXTERN = NO;
                            GCC_OPTIMIZATION_LEVEL = 0;
                            GCC_PREPROCESSOR_DEFINITIONS = ("'CMAKE_INTDIR=\"$(CONFIGURATION)$(EFFECTIVE_PLATFORM_NAME)\"'", );
                            GCC_SYMBOLS_PRIVATE_EXTERN = NO;
                            INSTALL_PATH = "";
                            OTHER_CFLAGS = "  ";
                            OTHER_LDFLAGS = " ";
                            OTHER_REZFLAGS = "";
                            PRODUCT_NAME = ZERO_CHECK;
                            SECTORDER_FLAGS = "";
                            SYMROOT = /Users/Brian/Mandelbrot/xcode;
                            USE_HEADERMAP = NO;
                            WARNING_CFLAGS = ("-Wmost", "-Wno-four-char-constants", "-Wno-unknown-pragmas", );
                     };
                     name = RelWithDebInfo;
              };
/* End XCBuildConfiguration section */

/* Begin XCConfigurationList section */
              050606962A044B06B65849D5 /* Build configuration list for PBXProject  "Mandelbrot" */ = {
                     isa = XCConfigurationList;
                     buildConfigurations = (
                            B43F4901777C456494AAB9E4 /* Debug */,
                            3D0123A827C649178792DF61 /* Release */,
                            DF3FB761E3C14EA5A45FFEEB /* MinSizeRel */,
                            04409CC7F9C44DF78B2324F2 /* RelWithDebInfo */,
                     );
                     defaultConfigurationIsVisible = 0;
                     defaultConfigurationName = Debug;
              };
              F9612E015E3D4A6DA2E0B226 /* Build configuration list for PBXAggregateTarget "ALL_BUILD" */ = {
                     isa = XCConfigurationList;
                     buildConfigurations = (
                            30061BD15D1E46179945E998 /* Debug */,
                            2EBED554EF10454396C0E2E2 /* Release */,
                            C1C27EB403F64C2EA0B7EF1A /* MinSizeRel */,
                            61B23CFDC0454A13AB7D2FD6 /* RelWithDebInfo */,
                     );
                     defaultConfigurationIsVisible = 0;
                     defaultConfigurationName = Debug;
              };
              ADE5E0FDD8314BF58B76247F /* Build configuration list for PBXNativeTarget "Mandelbrot" */ = {
                     isa = XCConfigurationList;
                     buildConfigurations = (
                            E94C10ADCD804A678080AEAD /* Debug */,
                            EF55CCB251554B58A37766F0 /* Release */,
                            F7F4BA9DE002442C8B891430 /* MinSizeRel */,
                            21061DBED986456A9D046613 /* RelWithDebInfo */,
                     );
                     defaultConfigurationIsVisible = 0;
                     defaultConfigurationName = Debug;
              };
              4B1EFFFB5D98476986E3D150 /* Build configuration list for PBXAggregateTarget "ZERO_CHECK" */ = {
                     isa = XCConfigurationList;
                     buildConfigurations = (
                            704D36147EEA4B619AF79FFF /* Debug */,
                            3DFFBBFA52B94306AA00BE9A /* Release */,
                            2927A033C7AD405ABF153876 /* MinSizeRel */,
                            E5906FF874474C2D9EBCE232 /* RelWithDebInfo */,
                     );
                     defaultConfigurationIsVisible = 0;
                     defaultConfigurationName = Debug;
              };
/* End XCConfigurationList section */
       };
       rootObject = 8C18B35659C2424F9DD32B71;
}
